
Microsoft Visual Studio Solution File, Format Version 12.00
# Visual Studio Version 16
VisualStudioVersion = 16.0.30717.126
MinimumVisualStudioVersion = 10.0.40219.1
Project("{FAE04EC0-301F-11D3-BF4B-00C04F79EFBC}") = "Portifolio2", "Portifolio2\Portifolio2.csproj", "{CACD076D-A331-4137-A2FD-8C484CEEE4AD}"
EndProject
Global
	GlobalSection(SolutionConfigurationPlatforms) = preSolution
		Debug|Any CPU = Debug|Any CPU
		Release|Any CPU = Release|Any CPU
	EndGlobalSection
	GlobalSection(ProjectConfigurationPlatforms) = postSolution
		{CACD076D-A331-4137-A2FD-8C484CEEE4AD}.Debug|Any CPU.ActiveCfg = Debug|Any CPU
		{CACD076D-A331-4137-A2FD-8C484CEEE4AD}.Debug|Any CPU.Build.0 = Debug|Any CPU
		{CACD076D-A331-4137-A2FD-8C484CEEE4AD}.Release|Any CPU.ActiveCfg = Release|Any CPU
		{CACD076D-A331-4137-A2FD-8C484CEEE4AD}.Release|Any CPU.Build.0 = Release|Any CPU
	EndGlobalSection
	GlobalSection(SolutionProperties) = preSolution
		HideSolutionNode = FALSE
	EndGlobalSection
	GlobalSection(ExtensibilityGlobals) = postSolution
		SolutionGuid = {116155E6-9A3A-4504-9E54-B186CA32E4E1}
	EndGlobalSection
EndGlobal
